// !$*UTF8*$!
{
	archiveVersion = 1;
	classes = {
	};
	objectVersion = 46;
	objects = {

/* Begin PBXBuildFile section */
		254E2D5B184B398A004838E5 /* Foundation.framework in Frameworks */ = {isa = PBXBuildFile; fileRef = 254E2D5A184B398A004838E5 /* Foundation.framework */; };
		254E2D5D184B398A004838E5 /* CoreGraphics.framework in Frameworks */ = {isa = PBXBuildFile; fileRef = 254E2D5C184B398A004838E5 /* CoreGraphics.framework */; };
		254E2D5F184B398A004838E5 /* UIKit.framework in Frameworks */ = {isa = PBXBuildFile; fileRef = 254E2D5E184B398A004838E5 /* UIKit.framework */; };
		254E2D65184B398A004838E5 /* InfoPlist.strings in Resources */ = {isa = PBXBuildFile; fileRef = 254E2D63184B398A004838E5 /* InfoPlist.strings */; };
		254E2D67184B398A004838E5 /* main.m in Sources */ = {isa = PBXBuildFile; fileRef = 254E2D66184B398A004838E5 /* main.m */; };
		254E2D6B184B398A004838E5 /* AppDelegate.m in Sources */ = {isa = PBXBuildFile; fileRef = 254E2D6A184B398A004838E5 /* AppDelegate.m */; };
		254E2D6E184B398A004838E5 /* Main_iPhone.storyboard in Resources */ = {isa = PBXBuildFile; fileRef = 254E2D6C184B398A004838E5 /* Main_iPhone.storyboard */; };
		254E2D71184B398A004838E5 /* Main_iPad.storyboard in Resources */ = {isa = PBXBuildFile; fileRef = 254E2D6F184B398A004838E5 /* Main_iPad.storyboard */; };
		254E2D79184B398A004838E5 /* Images.xcassets in Resources */ = {isa = PBXBuildFile; fileRef = 254E2D78184B398A004838E5 /* Images.xcassets */; };
		254E2D80184B398A004838E5 /* XCTest.framework in Frameworks */ = {isa = PBXBuildFile; fileRef = 254E2D7F184B398A004838E5 /* XCTest.framework */; };
		254E2D81184B398A004838E5 /* Foundation.framework in Frameworks */ = {isa = PBXBuildFile; fileRef = 254E2D5A184B398A004838E5 /* Foundation.framework */; };
		254E2D82184B398A004838E5 /* UIKit.framework in Frameworks */ = {isa = PBXBuildFile; fileRef = 254E2D5E184B398A004838E5 /* UIKit.framework */; };
		254E2D8A184B398A004838E5 /* InfoPlist.strings in Resources */ = {isa = PBXBuildFile; fileRef = 254E2D88184B398A004838E5 /* InfoPlist.strings */; };
		254E2D8C184B398A004838E5 /* appTests.m in Sources */ = {isa = PBXBuildFile; fileRef = 254E2D8B184B398A004838E5 /* appTests.m */; };
		256A72FB187208DC00CD90AE /* News.m in Sources */ = {isa = PBXBuildFile; fileRef = 256A72FA187208DC00CD90AE /* News.m */; };
		25A9C0961869B0A3008B534A /* Timeline.m in Sources */ = {isa = PBXBuildFile; fileRef = 25A9C0951869B0A3008B534A /* Timeline.m */; };
		25A9C0981869B36D008B534A /* CoreData.framework in Frameworks */ = {isa = PBXBuildFile; fileRef = 25A9C0971869B36D008B534A /* CoreData.framework */; };
		25A9C09B1869B3D6008B534A /* app.xcdatamodeld in Sources */ = {isa = PBXBuildFile; fileRef = 25A9C0991869B3D6008B534A /* app.xcdatamodeld */; };
		7C6FF5C536E740BD957C3043 /* libPods.a in Frameworks */ = {isa = PBXBuildFile; fileRef = 4B2E11991301488A907F7C38 /* libPods.a */; };
/* End PBXBuildFile section */

/* Begin PBXContainerItemProxy section */
		254E2D83184B398A004838E5 /* PBXContainerItemProxy */ = {
			isa = PBXContainerItemProxy;
			containerPortal = 254E2D4F184B398A004838E5 /* Project object */;
			proxyType = 1;
			remoteGlobalIDString = 254E2D56184B398A004838E5;
			remoteInfo = app;
		};
/* End PBXContainerItemProxy section */

/* Begin PBXFileReference section */
		254E2D57184B398A004838E5 /* app.app */ = {isa = PBXFileReference; explicitFileType = wrapper.application; includeInIndex = 0; path = app.app; sourceTree = BUILT_PRODUCTS_DIR; };
		254E2D5A184B398A004838E5 /* Foundation.framework */ = {isa = PBXFileReference; lastKnownFileType = wrapper.framework; name = Foundation.framework; path = System/Library/Frameworks/Foundation.framework; sourceTree = SDKROOT; };
		254E2D5C184B398A004838E5 /* CoreGraphics.framework */ = {isa = PBXFileReference; lastKnownFileType = wrapper.framework; name = CoreGraphics.framework; path = System/Library/Frameworks/CoreGraphics.framework; sourceTree = SDKROOT; };
		254E2D5E184B398A004838E5 /* UIKit.framework */ = {isa = PBXFileReference; lastKnownFileType = wrapper.framework; name = UIKit.framework; path = System/Library/Frameworks/UIKit.framework; sourceTree = SDKROOT; };
		254E2D62184B398A004838E5 /* app-Info.plist */ = {isa = PBXFileReference; lastKnownFileType = text.plist.xml; path = "app-Info.plist"; sourceTree = "<group>"; };
		254E2D64184B398A004838E5 /* en */ = {isa = PBXFileReference; lastKnownFileType = text.plist.strings; name = en; path = en.lproj/InfoPlist.strings; sourceTree = "<group>"; };
		254E2D66184B398A004838E5 /* main.m */ = {isa = PBXFileReference; lastKnownFileType = sourcecode.c.objc; path = main.m; sourceTree = "<group>"; };
		254E2D68184B398A004838E5 /* app-Prefix.pch */ = {isa = PBXFileReference; lastKnownFileType = sourcecode.c.h; path = "app-Prefix.pch"; sourceTree = "<group>"; };
		254E2D69184B398A004838E5 /* AppDelegate.h */ = {isa = PBXFileReference; lastKnownFileType = sourcecode.c.h; path = AppDelegate.h; sourceTree = "<group>"; };
		254E2D6A184B398A004838E5 /* AppDelegate.m */ = {isa = PBXFileReference; lastKnownFileType = sourcecode.c.objc; path = AppDelegate.m; sourceTree = "<group>"; };
		254E2D6D184B398A004838E5 /* Base */ = {isa = PBXFileReference; lastKnownFileType = file.storyboard; name = Base; path = Base.lproj/Main_iPhone.storyboard; sourceTree = "<group>"; };
		254E2D70184B398A004838E5 /* Base */ = {isa = PBXFileReference; lastKnownFileType = file.storyboard; name = Base; path = Base.lproj/Main_iPad.storyboard; sourceTree = "<group>"; };
		254E2D78184B398A004838E5 /* Images.xcassets */ = {isa = PBXFileReference; lastKnownFileType = folder.assetcatalog; path = Images.xcassets; sourceTree = "<group>"; };
		254E2D7E184B398A004838E5 /* appTests.xctest */ = {isa = PBXFileReference; explicitFileType = wrapper.cfbundle; includeInIndex = 0; path = appTests.xctest; sourceTree = BUILT_PRODUCTS_DIR; };
		254E2D7F184B398A004838E5 /* XCTest.framework */ = {isa = PBXFileReference; lastKnownFileType = wrapper.framework; name = XCTest.framework; path = Library/Frameworks/XCTest.framework; sourceTree = DEVELOPER_DIR; };
		254E2D87184B398A004838E5 /* appTests-Info.plist */ = {isa = PBXFileReference; lastKnownFileType = text.plist.xml; path = "appTests-Info.plist"; sourceTree = "<group>"; };
		254E2D89184B398A004838E5 /* en */ = {isa = PBXFileReference; lastKnownFileType = text.plist.strings; name = en; path = en.lproj/InfoPlist.strings; sourceTree = "<group>"; };
		254E2D8B184B398A004838E5 /* appTests.m */ = {isa = PBXFileReference; lastKnownFileType = sourcecode.c.objc; path = appTests.m; sourceTree = "<group>"; };
		256A72F9187208DC00CD90AE /* News.h */ = {isa = PBXFileReference; fileEncoding = 4; lastKnownFileType = sourcecode.c.h; path = News.h; sourceTree = "<group>"; };
		256A72FA187208DC00CD90AE /* News.m */ = {isa = PBXFileReference; fileEncoding = 4; lastKnownFileType = sourcecode.c.objc; path = News.m; sourceTree = "<group>"; };
		25A9C0941869B0A3008B534A /* Timeline.h */ = {isa = PBXFileReference; fileEncoding = 4; lastKnownFileType = sourcecode.c.h; path = Timeline.h; sourceTree = "<group>"; };
		25A9C0951869B0A3008B534A /* Timeline.m */ = {isa = PBXFileReference; fileEncoding = 4; lastKnownFileType = sourcecode.c.objc; path = Timeline.m; sourceTree = "<group>"; };
		25A9C0971869B36D008B534A /* CoreData.framework */ = {isa = PBXFileReference; lastKnownFileType = wrapper.framework; name = CoreData.framework; path = System/Library/Frameworks/CoreData.framework; sourceTree = SDKROOT; };
		25A9C09A1869B3D6008B534A /* app.xcdatamodel */ = {isa = PBXFileReference; lastKnownFileType = wrapper.xcdatamodel; path = app.xcdatamodel; sourceTree = "<group>"; };
		25BC78021871FDAB00FE91E8 /* MagicalRecord.podspec */ = {isa = PBXFileReference; lastKnownFileType = text; name = MagicalRecord.podspec; path = "app/magical-record/MagicalRecord.podspec"; sourceTree = "<group>"; };
		4B2E11991301488A907F7C38 /* libPods.a */ = {isa = PBXFileReference; explicitFileType = archive.ar; includeInIndex = 0; path = libPods.a; sourceTree = BUILT_PRODUCTS_DIR; };
		E0703B496CA8467394548039 /* Pods.xcconfig */ = {isa = PBXFileReference; includeInIndex = 1; lastKnownFileType = text.xcconfig; name = Pods.xcconfig; path = Pods/Pods.xcconfig; sourceTree = "<group>"; };
/* End PBXFileReference section */

/* Begin PBXFrameworksBuildPhase section */
		254E2D54184B398A004838E5 /* Frameworks */ = {
			isa = PBXFrameworksBuildPhase;
			buildActionMask = 2147483647;
			files = (
				25A9C0981869B36D008B534A /* CoreData.framework in Frameworks */,
				254E2D5D184B398A004838E5 /* CoreGraphics.framework in Frameworks */,
				254E2D5F184B398A004838E5 /* UIKit.framework in Frameworks */,
				254E2D5B184B398A004838E5 /* Foundation.framework in Frameworks */,
				7C6FF5C536E740BD957C3043 /* libPods.a in Frameworks */,
			);
			runOnlyForDeploymentPostprocessing = 0;
		};
		254E2D7B184B398A004838E5 /* Frameworks */ = {
			isa = PBXFrameworksBuildPhase;
			buildActionMask = 2147483647;
			files = (
				254E2D80184B398A004838E5 /* XCTest.framework in Frameworks */,
				254E2D82184B398A004838E5 /* UIKit.framework in Frameworks */,
				254E2D81184B398A004838E5 /* Foundation.framework in Frameworks */,
			);
			runOnlyForDeploymentPostprocessing = 0;
		};
/* End PBXFrameworksBuildPhase section */

/* Begin PBXGroup section */
		254E2D4E184B398A004838E5 = {
			isa = PBXGroup;
			children = (
				254E2D60184B398A004838E5 /* app */,
				254E2D85184B398A004838E5 /* appTests */,
				254E2D59184B398A004838E5 /* Frameworks */,
				254E2D58184B398A004838E5 /* Products */,
				E0703B496CA8467394548039 /* Pods.xcconfig */,
			);
			sourceTree = "<group>";
		};
		254E2D58184B398A004838E5 /* Products */ = {
			isa = PBXGroup;
			children = (
				254E2D57184B398A004838E5 /* app.app */,
				254E2D7E184B398A004838E5 /* appTests.xctest */,
			);
			name = Products;
			sourceTree = "<group>";
		};
		254E2D59184B398A004838E5 /* Frameworks */ = {
			isa = PBXGroup;
			children = (
				25BC78021871FDAB00FE91E8 /* MagicalRecord.podspec */,
				25A9C0971869B36D008B534A /* CoreData.framework */,
				254E2D5A184B398A004838E5 /* Foundation.framework */,
				254E2D5C184B398A004838E5 /* CoreGraphics.framework */,
				254E2D5E184B398A004838E5 /* UIKit.framework */,
				254E2D7F184B398A004838E5 /* XCTest.framework */,
				4B2E11991301488A907F7C38 /* libPods.a */,
			);
			name = Frameworks;
			sourceTree = "<group>";
		};
		254E2D60184B398A004838E5 /* app */ = {
			isa = PBXGroup;
			children = (
				25A9C0991869B3D6008B534A /* app.xcdatamodeld */,
				254E2D69184B398A004838E5 /* AppDelegate.h */,
				254E2D6A184B398A004838E5 /* AppDelegate.m */,
				254E2D6C184B398A004838E5 /* Main_iPhone.storyboard */,
				254E2D6F184B398A004838E5 /* Main_iPad.storyboard */,
				25A9C0941869B0A3008B534A /* Timeline.h */,
				25A9C0951869B0A3008B534A /* Timeline.m */,
				256A72F9187208DC00CD90AE /* News.h */,
				256A72FA187208DC00CD90AE /* News.m */,
				254E2D78184B398A004838E5 /* Images.xcassets */,
				254E2D61184B398A004838E5 /* Supporting Files */,
			);
			path = app;
			sourceTree = "<group>";
		};
		254E2D61184B398A004838E5 /* Supporting Files */ = {
			isa = PBXGroup;
			children = (
				254E2D62184B398A004838E5 /* app-Info.plist */,
				254E2D63184B398A004838E5 /* InfoPlist.strings */,
				254E2D66184B398A004838E5 /* main.m */,
				254E2D68184B398A004838E5 /* app-Prefix.pch */,
			);
			name = "Supporting Files";
			sourceTree = "<group>";
		};
		254E2D85184B398A004838E5 /* appTests */ = {
			isa = PBXGroup;
			children = (
				254E2D8B184B398A004838E5 /* appTests.m */,
				254E2D86184B398A004838E5 /* Supporting Files */,
			);
			path = appTests;
			sourceTree = "<group>";
		};
		254E2D86184B398A004838E5 /* Supporting Files */ = {
			isa = PBXGroup;
			children = (
				254E2D87184B398A004838E5 /* appTests-Info.plist */,
				254E2D88184B398A004838E5 /* InfoPlist.strings */,
			);
			name = "Supporting Files";
			sourceTree = "<group>";
		};
/* End PBXGroup section */

/* Begin PBXNativeTarget section */
		254E2D56184B398A004838E5 /* app */ = {
			isa = PBXNativeTarget;
			buildConfigurationList = 254E2D8F184B398A004838E5 /* Build configuration list for PBXNativeTarget "app" */;
			buildPhases = (
				0655D4559B784DB7918C6427 /* Check Pods Manifest.lock */,
				254E2D53184B398A004838E5 /* Sources */,
				254E2D54184B398A004838E5 /* Frameworks */,
				254E2D55184B398A004838E5 /* Resources */,
				AB020390BBC14F7EAF8CA878 /* Copy Pods Resources */,
			);
			buildRules = (
			);
			dependencies = (
			);
			name = app;
			productName = app;
			productReference = 254E2D57184B398A004838E5 /* app.app */;
			productType = "com.apple.product-type.application";
		};
		254E2D7D184B398A004838E5 /* appTests */ = {
			isa = PBXNativeTarget;
			buildConfigurationList = 254E2D92184B398A004838E5 /* Build configuration list for PBXNativeTarget "appTests" */;
			buildPhases = (
				254E2D7A184B398A004838E5 /* Sources */,
				254E2D7B184B398A004838E5 /* Frameworks */,
				254E2D7C184B398A004838E5 /* Resources */,
			);
			buildRules = (
			);
			dependencies = (
				254E2D84184B398A004838E5 /* PBXTargetDependency */,
			);
			name = appTests;
			productName = appTests;
			productReference = 254E2D7E184B398A004838E5 /* appTests.xctest */;
			productType = "com.apple.product-type.bundle.unit-test";
		};
/* End PBXNativeTarget section */

/* Begin PBXProject section */
		254E2D4F184B398A004838E5 /* Project object */ = {
			isa = PBXProject;
			attributes = {
				LastUpgradeCheck = 0500;
				ORGANIZATIONNAME = blitz;
				TargetAttributes = {
					254E2D7D184B398A004838E5 = {
						TestTargetID = 254E2D56184B398A004838E5;
					};
				};
			};
			buildConfigurationList = 254E2D52184B398A004838E5 /* Build configuration list for PBXProject "app" */;
			compatibilityVersion = "Xcode 3.2";
			developmentRegion = English;
			hasScannedForEncodings = 0;
			knownRegions = (
				en,
				Base,
			);
			mainGroup = 254E2D4E184B398A004838E5;
			productRefGroup = 254E2D58184B398A004838E5 /* Products */;
			projectDirPath = "";
			projectRoot = "";
			targets = (
				254E2D56184B398A004838E5 /* app */,
				254E2D7D184B398A004838E5 /* appTests */,
			);
		};
/* End PBXProject section */

/* Begin PBXResourcesBuildPhase section */
		254E2D55184B398A004838E5 /* Resources */ = {
			isa = PBXResourcesBuildPhase;
			buildActionMask = 2147483647;
			files = (
				254E2D71184B398A004838E5 /* Main_iPad.storyboard in Resources */,
				254E2D79184B398A004838E5 /* Images.xcassets in Resources */,
				254E2D6E184B398A004838E5 /* Main_iPhone.storyboard in Resources */,
				254E2D65184B398A004838E5 /* InfoPlist.strings in Resources */,
			);
			runOnlyForDeploymentPostprocessing = 0;
		};
		254E2D7C184B398A004838E5 /* Resources */ = {
			isa = PBXResourcesBuildPhase;
			buildActionMask = 2147483647;
			files = (
				254E2D8A184B398A004838E5 /* InfoPlist.strings in Resources */,
			);
			runOnlyForDeploymentPostprocessing = 0;
		};
/* End PBXResourcesBuildPhase section */

/* Begin PBXShellScriptBuildPhase section */
		0655D4559B784DB7918C6427 /* Check Pods Manifest.lock */ = {
			isa = PBXShellScriptBuildPhase;
			buildActionMask = 2147483647;
			files = (
			);
			inputPaths = (
			);
			name = "Check Pods Manifest.lock";
			outputPaths = (
			);
			runOnlyForDeploymentPostprocessing = 0;
			shellPath = /bin/sh;
			shellScript = "diff \"${PODS_ROOT}/../Podfile.lock\" \"${PODS_ROOT}/Manifest.lock\" > /dev/null\nif [[ $? != 0 ]] ; then\n    cat << EOM\nerror: The sandbox is not in sync with the Podfile.lock. Run 'pod install' or update your CocoaPods installation.\nEOM\n    exit 1\nfi\n";
			showEnvVarsInLog = 0;
		};
		AB020390BBC14F7EAF8CA878 /* Copy Pods Resources */ = {
			isa = PBXShellScriptBuildPhase;
			buildActionMask = 2147483647;
			files = (
			);
			inputPaths = (
			);
			name = "Copy Pods Resources";
			outputPaths = (
			);
			runOnlyForDeploymentPostprocessing = 0;
			shellPath = /bin/sh;
			shellScript = "\"${SRCROOT}/Pods/Pods-resources.sh\"\n";
			showEnvVarsInLog = 0;
		};
/* End PBXShellScriptBuildPhase section */

/* Begin PBXSourcesBuildPhase section */
		254E2D53184B398A004838E5 /* Sources */ = {
			isa = PBXSourcesBuildPhase;
			buildActionMask = 2147483647;
			files = (
				256A72FB187208DC00CD90AE /* News.m in Sources */,
				254E2D6B184B398A004838E5 /* AppDelegate.m in Sources */,
				25A9C0961869B0A3008B534A /* Timeline.m in Sources */,
				254E2D67184B398A004838E5 /* main.m in Sources */,
				25A9C09B1869B3D6008B534A /* app.xcdatamodeld in Sources */,
			);
			runOnlyForDeploymentPostprocessing = 0;
		};
		254E2D7A184B398A004838E5 /* Sources */ = {
			isa = PBXSourcesBuildPhase;
			buildActionMask = 2147483647;
			files = (
				254E2D8C184B398A004838E5 /* appTests.m in Sources */,
			);
			runOnlyForDeploymentPostprocessing = 0;
		};
/* End PBXSourcesBuildPhase section */

/* Begin PBXTargetDependency section */
		254E2D84184B398A004838E5 /* PBXTargetDependency */ = {
			isa = PBXTargetDependency;
			target = 254E2D56184B398A004838E5 /* app */;
			targetProxy = 254E2D83184B398A004838E5 /* PBXContainerItemProxy */;
		};
/* End PBXTargetDependency section */

/* Begin PBXVariantGroup section */
		254E2D63184B398A004838E5 /* InfoPlist.strings */ = {
			isa = PBXVariantGroup;
			children = (
				254E2D64184B398A004838E5 /* en */,
			);
			name = InfoPlist.strings;
			sourceTree = "<group>";
		};
		254E2D6C184B398A004838E5 /* Main_iPhone.storyboard */ = {
			isa = PBXVariantGroup;
			children = (
				254E2D6D184B398A004838E5 /* Base */,
			);
			name = Main_iPhone.storyboard;
			sourceTree = "<group>";
		};
		254E2D6F184B398A004838E5 /* Main_iPad.storyboard */ = {
			isa = PBXVariantGroup;
			children = (
				254E2D70184B398A004838E5 /* Base */,
			);
			name = Main_iPad.storyboard;
			sourceTree = "<group>";
		};
		254E2D88184B398A004838E5 /* InfoPlist.strings */ = {
			isa = PBXVariantGroup;
			children = (
				254E2D89184B398A004838E5 /* en */,
			);
			name = InfoPlist.strings;
			sourceTree = "<group>";
		};
/* End PBXVariantGroup section */

/* Begin XCBuildConfiguration section */
		254E2D8D184B398A004838E5 /* Debug */ = {
			isa = XCBuildConfiguration;
			buildSettings = {
				ALWAYS_SEARCH_USER_PATHS = NO;
				ARCHS = "$(ARCHS_STANDARD_INCLUDING_64_BIT)";
				CLANG_CXX_LANGUAGE_STANDARD = "gnu++0x";
				CLANG_CXX_LIBRARY = "libc++";
				CLANG_ENABLE_MODULES = YES;
				CLANG_ENABLE_OBJC_ARC = YES;
				CLANG_WARN_BOOL_CONVERSION = YES;
				CLANG_WARN_CONSTANT_CONVERSION = YES;
				CLANG_WARN_DIRECT_OBJC_ISA_USAGE = YES_ERROR;
				CLANG_WARN_EMPTY_BODY = YES;
				CLANG_WARN_ENUM_CONVERSION = YES;
				CLANG_WARN_INT_CONVERSION = YES;
				CLANG_WARN_OBJC_ROOT_CLASS = YES_ERROR;
				CLANG_WARN__DUPLICATE_METHOD_MATCH = YES;
				"CODE_SIGN_IDENTITY[sdk=iphoneos*]" = "iPhone Developer";
				COPY_PHASE_STRIP = NO;
				GCC_C_LANGUAGE_STANDARD = gnu99;
				GCC_DYNAMIC_NO_PIC = NO;
				GCC_OPTIMIZATION_LEVEL = 0;
				GCC_PREPROCESSOR_DEFINITIONS = (
					"DEBUG=1",
					"$(inherited)",
				);
				GCC_SYMBOLS_PRIVATE_EXTERN = NO;
				GCC_WARN_64_TO_32_BIT_CONVERSION = YES;
				GCC_WARN_ABOUT_RETURN_TYPE = YES_ERROR;
				GCC_WARN_UNDECLARED_SELECTOR = YES;
				GCC_WARN_UNINITIALIZED_AUTOS = YES;
				GCC_WARN_UNUSED_FUNCTION = YES;
				GCC_WARN_UNUSED_VARIABLE = YES;
				IPHONEOS_DEPLOYMENT_TARGET = 7.0;
				ONLY_ACTIVE_ARCH = YES;
				SDKROOT = iphoneos;
				TARGETED_DEVICE_FAMILY = "1,2";
			};
			name = Debug;
		};
		254E2D8E184B398A004838E5 /* Release */ = {
			isa = XCBuildConfiguration;
			buildSettings = {
				ALWAYS_SEARCH_USER_PATHS = NO;
				ARCHS = "$(ARCHS_STANDARD_INCLUDING_64_BIT)";
				CLANG_CXX_LANGUAGE_STANDARD = "gnu++0x";
				CLANG_CXX_LIBRARY = "libc++";
				CLANG_ENABLE_MODULES = YES;
				CLANG_ENABLE_OBJC_ARC = YES;
				CLANG_WARN_BOOL_CONVERSION = YES;
				CLANG_WARN_CONSTANT_CONVERSION = YES;
				CLANG_WARN_DIRECT_OBJC_ISA_USAGE = YES_ERROR;
				CLANG_WARN_EMPTY_BODY = YES;
				CLANG_WARN_ENUM_CONVERSION = YES;
				CLANG_WARN_INT_CONVERSION = YES;
				CLANG_WARN_OBJC_ROOT_CLASS = YES_ERROR;
				CLANG_WARN__DUPLICATE_METHOD_MATCH = YES;
				"CODE_SIGN_IDENTITY[sdk=iphoneos*]" = "iPhone Developer";
				COPY_PHASE_STRIP = YES;
				ENABLE_NS_ASSERTIONS = NO;
				GCC_C_LANGUAGE_STANDARD = gnu99;
				GCC_WARN_64_TO_32_BIT_CONVERSION = YES;
				GCC_WARN_ABOUT_RETURN_TYPE = YES_ERROR;
				GCC_WARN_UNDECLARED_SELECTOR = YES;
				GCC_WARN_UNINITIALIZED_AUTOS = YES;
				GCC_WARN_UNUSED_FUNCTION = YES;
				GCC_WARN_UNUSED_VARIABLE = YES;
				IPHONEOS_DEPLOYMENT_TARGET = 7.0;
				SDKROOT = iphoneos;
				TARGETED_DEVICE_FAMILY = "1,2";
				VALIDATE_PRODUCT = YES;
			};
			name = Release;
		};
		254E2D90184B398A004838E5 /* Debug */ = {
			isa = XCBuildConfiguration;
			baseConfigurationReference = E0703B496CA8467394548039 /* Pods.xcconfig */;
			buildSettings = {
				ASSETCATALOG_COMPILER_APPICON_NAME = AppIcon;
				ASSETCATALOG_COMPILER_LAUNCHIMAGE_NAME = LaunchImage;
				GCC_PRECOMPILE_PREFIX_HEADER = YES;
				GCC_PREFIX_HEADER = "app/app-Prefix.pch";
				INFOPLIST_FILE = "app/app-Info.plist";
				PRODUCT_NAME = "$(TARGET_NAME)";
				WRAPPER_EXTENSION = app;
			};
			name = Debug;
		};
		254E2D91184B398A004838E5 /* Release */ = {
			isa = XCBuildConfiguration;
			baseConfigurationReference = E0703B496CA8467394548039 /* Pods.xcconfig */;
			buildSettings = {
				ASSETCATALOG_COMPILER_APPICON_NAME = AppIcon;
				ASSETCATALOG_COMPILER_LAUNCHIMAGE_NAME = LaunchImage;
				GCC_PRECOMPILE_PREFIX_HEADER = YES;
				GCC_PREFIX_HEADER = "app/app-Prefix.pch";
				INFOPLIST_FILE = "app/app-Info.plist";
				PRODUCT_NAME = "$(TARGET_NAME)";
				WRAPPER_EXTENSION = app;
			};
			name = Release;
		};
		254E2D93184B398A004838E5 /* Debug */ = {
			isa = XCBuildConfiguration;
			buildSettings = {
				ARCHS = "$(ARCHS_STANDARD_INCLUDING_64_BIT)";
				BUNDLE_LOADER = "$(BUILT_PRODUCTS_DIR)/app.app/app";
				FRAMEWORK_SEARCH_PATHS = (
					"$(SDKROOT)/Developer/Library/Frameworks",
					"$(inherited)",
					"$(DEVELOPER_FRAMEWORKS_DIR)",
				);
				GCC_PRECOMPILE_PREFIX_HEADER = YES;
				GCC_PREFIX_HEADER = "app/app-Prefix.pch";
				GCC_PREPROCESSOR_DEFINITIONS = (
					"DEBUG=1",
					"$(inherited)",
				);
				INFOPLIST_FILE = "appTests/appTests-Info.plist";
				PRODUCT_NAME = "$(TARGET_NAME)";
				TEST_HOST = "$(BUNDLE_LOADER)";
				WRAPPER_EXTENSION = xctest;
			};
			name = Debug;
		};
		254E2D94184B398A004838E5 /* Release */ = {
			isa = XCBuildConfiguration;
			buildSettings = {
				ARCHS = "$(ARCHS_STANDARD_INCLUDING_64_BIT)";
				BUNDLE_LOADER = "$(BUILT_PRODUCTS_DIR)/app.app/app";
				FRAMEWORK_SEARCH_PATHS = (
					"$(SDKROOT)/Developer/Library/Frameworks",
					"$(inherited)",
					"$(DEVELOPER_FRAMEWORKS_DIR)",
				);
				GCC_PRECOMPILE_PREFIX_HEADER = YES;
				GCC_PREFIX_HEADER = "app/app-Prefix.pch";
				INFOPLIST_FILE = "appTests/appTests-Info.plist";
				PRODUCT_NAME = "$(TARGET_NAME)";
				TEST_HOST = "$(BUNDLE_LOADER)";
				WRAPPER_EXTENSION = xctest;
			};
			name = Release;
		};
/* End XCBuildConfiguration section */

/* Begin XCConfigurationList section */
		254E2D52184B398A004838E5 /* Build configuration list for PBXProject "app" */ = {
			isa = XCConfigurationList;
			buildConfigurations = (
				254E2D8D184B398A004838E5 /* Debug */,
				254E2D8E184B398A004838E5 /* Release */,
			);
			defaultConfigurationIsVisible = 0;
			defaultConfigurationName = Release;
		};
		254E2D8F184B398A004838E5 /* Build configuration list for PBXNativeTarget "app" */ = {
			isa = XCConfigurationList;
			buildConfigurations = (
				254E2D90184B398A004838E5 /* Debug */,
				254E2D91184B398A004838E5 /* Release */,
			);
			defaultConfigurationIsVisible = 0;
			defaultConfigurationName = Release;
		};
		254E2D92184B398A004838E5 /* Build configuration list for PBXNativeTarget "appTests" */ = {
			isa = XCConfigurationList;
			buildConfigurations = (
				254E2D93184B398A004838E5 /* Debug */,
				254E2D94184B398A004838E5 /* Release */,
			);
			defaultConfigurationIsVisible = 0;
			defaultConfigurationName = Release;
		};
/* End XCConfigurationList section */

/* Begin XCVersionGroup section */
		25A9C0991869B3D6008B534A /* app.xcdatamodeld */ = {
			isa = XCVersionGroup;
			children = (
				25A9C09A1869B3D6008B534A /* app.xcdatamodel */,
			);
			currentVersion = 25A9C09A1869B3D6008B534A /* app.xcdatamodel */;
			path = app.xcdatamodeld;
			sourceTree = "<group>";
			versionGroupType = wrapper.xcdatamodel;
		};
/* End XCVersionGroup section */
	};
	rootObject = 254E2D4F184B398A004838E5 /* Project object */;
}
